// !$*UTF8*$!
{
	archiveVersion = 1;
	classes = {
	};
	objectVersion = 55;
	objects = {

/* Begin PBXBuildFile section */
		84824C8728B2704F005E9EE3 /* AppDelegate.swift in Sources */ = {isa = PBXBuildFile; fileRef = 84824C8628B2704F005E9EE3 /* AppDelegate.swift */; };
		84824C8928B2704F005E9EE3 /* SceneDelegate.swift in Sources */ = {isa = PBXBuildFile; fileRef = 84824C8828B2704F005E9EE3 /* SceneDelegate.swift */; };
		84824C8E28B2704F005E9EE3 /* Main.storyboard in Resources */ = {isa = PBXBuildFile; fileRef = 84824C8C28B2704F005E9EE3 /* Main.storyboard */; };
		84824C9028B27050005E9EE3 /* Assets.xcassets in Resources */ = {isa = PBXBuildFile; fileRef = 84824C8F28B27050005E9EE3 /* Assets.xcassets */; };
		84824C9328B27050005E9EE3 /* LaunchScreen.storyboard in Resources */ = {isa = PBXBuildFile; fileRef = 84824C9128B27050005E9EE3 /* LaunchScreen.storyboard */; };
		84824C9B28B2707C005E9EE3 /* QnA.swift in Sources */ = {isa = PBXBuildFile; fileRef = 84824C9A28B2707C005E9EE3 /* QnA.swift */; };
		84824C9D28B2709B005E9EE3 /* FruitViewController.swift in Sources */ = {isa = PBXBuildFile; fileRef = 84824C9C28B2709B005E9EE3 /* FruitViewController.swift */; };
/* End PBXBuildFile section */

/* Begin PBXFileReference section */
		84824C8328B2704F005E9EE3 /* FruitsQNA.app */ = {isa = PBXFileReference; explicitFileType = wrapper.application; includeInIndex = 0; path = FruitsQNA.app; sourceTree = BUILT_PRODUCTS_DIR; };
		84824C8628B2704F005E9EE3 /* AppDelegate.swift */ = {isa = PBXFileReference; lastKnownFileType = sourcecode.swift; path = AppDelegate.swift; sourceTree = "<group>"; };
		84824C8828B2704F005E9EE3 /* SceneDelegate.swift */ = {isa = PBXFileReference; lastKnownFileType = sourcecode.swift; path = SceneDelegate.swift; sourceTree = "<group>"; };
		84824C8D28B2704F005E9EE3 /* Base */ = {isa = PBXFileReference; lastKnownFileType = file.storyboard; name = Base; path = Base.lproj/Main.storyboard; sourceTree = "<group>"; };
		84824C8F28B27050005E9EE3 /* Assets.xcassets */ = {isa = PBXFileReference; lastKnownFileType = folder.assetcatalog; path = Assets.xcassets; sourceTree = "<group>"; };
		84824C9228B27050005E9EE3 /* Base */ = {isa = PBXFileReference; lastKnownFileType = file.storyboard; name = Base; path = Base.lproj/LaunchScreen.storyboard; sourceTree = "<group>"; };
		84824C9428B27050005E9EE3 /* Info.plist */ = {isa = PBXFileReference; lastKnownFileType = text.plist.xml; path = Info.plist; sourceTree = "<group>"; };
		84824C9A28B2707C005E9EE3 /* QnA.swift */ = {isa = PBXFileReference; lastKnownFileType = sourcecode.swift; path = QnA.swift; sourceTree = "<group>"; };
		84824C9C28B2709B005E9EE3 /* FruitViewController.swift */ = {isa = PBXFileReference; lastKnownFileType = sourcecode.swift; path = FruitViewController.swift; sourceTree = "<group>"; };
/* End PBXFileReference section */

/* Begin PBXFrameworksBuildPhase section */
		84824C8028B2704F005E9EE3 /* Frameworks */ = {
			isa = PBXFrameworksBuildPhase;
			buildActionMask = 2147483647;
			files = (
			);
			runOnlyForDeploymentPostprocessing = 0;
		};
/* End PBXFrameworksBuildPhase section */

/* Begin PBXGroup section */
		84824C7A28B2704F005E9EE3 = {
			isa = PBXGroup;
			children = (
				84824C8528B2704F005E9EE3 /* FruitsQNA */,
				84824C8428B2704F005E9EE3 /* Products */,
			);
			sourceTree = "<group>";
		};
		84824C8428B2704F005E9EE3 /* Products */ = {
			isa = PBXGroup;
			children = (
				84824C8328B2704F005E9EE3 /* FruitsQNA.app */,
			);
			name = Products;
			sourceTree = "<group>";
		};
		84824C8528B2704F005E9EE3 /* FruitsQNA */ = {
			isa = PBXGroup;
			children = (
				84824C8628B2704F005E9EE3 /* AppDelegate.swift */,
				84824C8828B2704F005E9EE3 /* SceneDelegate.swift */,
				84824C9C28B2709B005E9EE3 /* FruitViewController.swift */,
				84824C9A28B2707C005E9EE3 /* QnA.swift */,
				84824C8C28B2704F005E9EE3 /* Main.storyboard */,
				84824C8F28B27050005E9EE3 /* Assets.xcassets */,
				84824C9128B27050005E9EE3 /* LaunchScreen.storyboard */,
				84824C9428B27050005E9EE3 /* Info.plist */,
			);
			path = FruitsQNA;
			sourceTree = "<group>";
		};
/* End PBXGroup section */

/* Begin PBXNativeTarget section */
		84824C8228B2704F005E9EE3 /* FruitsQNA */ = {
			isa = PBXNativeTarget;
			buildConfigurationList = 84824C9728B27050005E9EE3 /* Build configuration list for PBXNativeTarget "FruitsQNA" */;
			buildPhases = (
				84824C7F28B2704F005E9EE3 /* Sources */,
				84824C8028B2704F005E9EE3 /* Frameworks */,
				84824C8128B2704F005E9EE3 /* Resources */,
			);
			buildRules = (
			);
			dependencies = (
			);
			name = FruitsQNA;
			productName = FruitsQNA;
			productReference = 84824C8328B2704F005E9EE3 /* FruitsQNA.app */;
			productType = "com.apple.product-type.application";
		};
/* End PBXNativeTarget section */

/* Begin PBXProject section */
		84824C7B28B2704F005E9EE3 /* Project object */ = {
			isa = PBXProject;
			attributes = {
				BuildIndependentTargetsInParallel = 1;
				LastSwiftUpdateCheck = 1340;
				LastUpgradeCheck = 1340;
				TargetAttributes = {
					84824C8228B2704F005E9EE3 = {
						CreatedOnToolsVersion = 13.4.1;
					};
				};
			};
			buildConfigurationList = 84824C7E28B2704F005E9EE3 /* Build configuration list for PBXProject "FruitsQNA" */;
			compatibilityVersion = "Xcode 13.0";
			developmentRegion = en;
			hasScannedForEncodings = 0;
			knownRegions = (
				en,
				Base,
			);
			mainGroup = 84824C7A28B2704F005E9EE3;
			productRefGroup = 84824C8428B2704F005E9EE3 /* Products */;
			projectDirPath = "";
			projectRoot = "";
			targets = (
				84824C8228B2704F005E9EE3 /* FruitsQNA */,
			);
		};
/* End PBXProject section */

/* Begin PBXResourcesBuildPhase section */
		84824C8128B2704F005E9EE3 /* Resources */ = {
			isa = PBXResourcesBuildPhase;
			buildActionMask = 2147483647;
			files = (
				84824C9328B27050005E9EE3 /* LaunchScreen.storyboard in Resources */,
				84824C9028B27050005E9EE3 /* Assets.xcassets in Resources */,
				84824C8E28B2704F005E9EE3 /* Main.storyboard in Resources */,
			);
			runOnlyForDeploymentPostprocessing = 0;
		};
/* End PBXResourcesBuildPhase section */

/* Begin PBXSourcesBuildPhase section */
		84824C7F28B2704F005E9EE3 /* Sources */ = {
			isa = PBXSourcesBuildPhase;
			buildActionMask = 2147483647;
			files = (
				84824C9B28B2707C005E9EE3 /* QnA.swift in Sources */,
				84824C9D28B2709B005E9EE3 /* FruitViewController.swift in Sources */,
				84824C8728B2704F005E9EE3 /* AppDelegate.swift in Sources */,
				84824C8928B2704F005E9EE3 /* SceneDelegate.swift in Sources */,
			);
			runOnlyForDeploymentPostprocessing = 0;
		};
/* End PBXSourcesBuildPhase section */

/* Begin PBXVariantGroup section */
		84824C8C28B2704F005E9EE3 /* Main.storyboard */ = {
			isa = PBXVariantGroup;
			children = (
				84824C8D28B2704F005E9EE3 /* Base */,
			);
			name = Main.storyboard;
			sourceTree = "<group>";
		};
		84824C9128B27050005E9EE3 /* LaunchScreen.storyboard */ = {
			isa = PBXVariantGroup;
			children = (
				84824C9228B27050005E9EE3 /* Base */,
			);
			name = LaunchScreen.storyboard;
			sourceTree = "<group>";
		};
/* End PBXVariantGroup section */

/* Begin XCBuildConfiguration section */
		84824C9528B27050005E9EE3 /* Debug */ = {
			isa = XCBuildConfiguration;
			buildSettings = {
				ALWAYS_SEARCH_USER_PATHS = NO;
				CLANG_ANALYZER_NONNULL = YES;
				CLANG_ANALYZER_NUMBER_OBJECT_CONVERSION = YES_AGGRESSIVE;
				CLANG_CXX_LANGUAGE_STANDARD = "gnu++17";
				CLANG_ENABLE_MODULES = YES;
				CLANG_ENABLE_OBJC_ARC = YES;
				CLANG_ENABLE_OBJC_WEAK = YES;
				CLANG_WARN_BLOCK_CAPTURE_AUTORELEASING = YES;
				CLANG_WARN_BOOL_CONVERSION = YES;
				CLANG_WARN_COMMA = YES;
				CLANG_WARN_CONSTANT_CONVERSION = YES;
				CLANG_WARN_DEPRECATED_OBJC_IMPLEMENTATIONS = YES;
				CLANG_WARN_DIRECT_OBJC_ISA_USAGE = YES_ERROR;
				CLANG_WARN_DOCUMENTATION_COMMENTS = YES;
				CLANG_WARN_EMPTY_BODY = YES;
				CLANG_WARN_ENUM_CONVERSION = YES;
				CLANG_WARN_INFINITE_RECURSION = YES;
				CLANG_WARN_INT_CONVERSION = YES;
				CLANG_WARN_NON_LITERAL_NULL_CONVERSION = YES;
				CLANG_WARN_OBJC_IMPLICIT_RETAIN_SELF = YES;
				CLANG_WARN_OBJC_LITERAL_CONVERSION = YES;
				CLANG_WARN_OBJC_ROOT_CLASS = YES_ERROR;
				CLANG_WARN_QUOTED_INCLUDE_IN_FRAMEWORK_HEADER = YES;
				CLANG_WARN_RANGE_LOOP_ANALYSIS = YES;
				CLANG_WARN_STRICT_PROTOTYPES = YES;
				CLANG_WARN_SUSPICIOUS_MOVE = YES;
				CLANG_WARN_UNGUARDED_AVAILABILITY = YES_AGGRESSIVE;
				CLANG_WARN_UNREACHABLE_CODE = YES;
				CLANG_WARN__DUPLICATE_METHOD_MATCH = YES;
				COPY_PHASE_STRIP = NO;
				DEBUG_INFORMATION_FORMAT = dwarf;
				ENABLE_STRICT_OBJC_MSGSEND = YES;
				ENABLE_TESTABILITY = YES;
				GCC_C_LANGUAGE_STANDARD = gnu11;
				GCC_DYNAMIC_NO_PIC = NO;
				GCC_NO_COMMON_BLOCKS = YES;
				GCC_OPTIMIZATION_LEVEL = 0;
				GCC_PREPROCESSOR_DEFINITIONS = (
					"DEBUG=1",
					"$(inherited)",
				);
				GCC_WARN_64_TO_32_BIT_CONVERSION = YES;
				GCC_WARN_ABOUT_RETURN_TYPE = YES_ERROR;
				GCC_WARN_UNDECLARED_SELECTOR = YES;
				GCC_WARN_UNINITIALIZED_AUTOS = YES_AGGRESSIVE;
				GCC_WARN_UNUSED_FUNCTION = YES;
				GCC_WARN_UNUSED_VARIABLE = YES;
				IPHONEOS_DEPLOYMENT_TARGET = 15.5;
				MTL_ENABLE_DEBUG_INFO = INCLUDE_SOURCE;
				MTL_FAST_MATH = YES;
				ONLY_ACTIVE_ARCH = YES;
				SDKROOT = iphoneos;
				SWIFT_ACTIVE_COMPILATION_CONDITIONS = DEBUG;
				SWIFT_OPTIMIZATION_LEVEL = "-Onone";
			};
			name = Debug;
		};
		84824C9628B27050005E9EE3 /* Release */ = {
			isa = XCBuildConfiguration;
			buildSettings = {
				ALWAYS_SEARCH_USER_PATHS = NO;
				CLANG_ANALYZER_NONNULL = YES;
				CLANG_ANALYZER_NUMBER_OBJECT_CONVERSION = YES_AGGRESSIVE;
				CLANG_CXX_LANGUAGE_STANDARD = "gnu++17";
				CLANG_ENABLE_MODULES = YES;
				CLANG_ENABLE_OBJC_ARC = YES;
				CLANG_ENABLE_OBJC_WEAK = YES;
				CLANG_WARN_BLOCK_CAPTURE_AUTORELEASING = YES;
				CLANG_WARN_BOOL_CONVERSION = YES;
				CLANG_WARN_COMMA = YES;
				CLANG_WARN_CONSTANT_CONVERSION = YES;
				CLANG_WARN_DEPRECATED_OBJC_IMPLEMENTATIONS = YES;
				CLANG_WARN_DIRECT_OBJC_ISA_USAGE = YES_ERROR;
				CLANG_WARN_DOCUMENTATION_COMMENTS = YES;
				CLANG_WARN_EMPTY_BODY = YES;
				CLANG_WARN_ENUM_CONVERSION = YES;
				CLANG_WARN_INFINITE_RECURSION = YES;
				CLANG_WARN_INT_CONVERSION = YES;
				CLANG_WARN_NON_LITERAL_NULL_CONVERSION = YES;
				CLANG_WARN_OBJC_IMPLICIT_RETAIN_SELF = YES;
				CLANG_WARN_OBJC_LITERAL_CONVERSION = YES;
				CLANG_WARN_OBJC_ROOT_CLASS = YES_ERROR;
				CLANG_WARN_QUOTED_INCLUDE_IN_FRAMEWORK_HEADER = YES;
				CLANG_WARN_RANGE_LOOP_ANALYSIS = YES;
				CLANG_WARN_STRICT_PROTOTYPES = YES;
				CLANG_WARN_SUSPICIOUS_MOVE = YES;
				CLANG_WARN_UNGUARDED_AVAILABILITY = YES_AGGRESSIVE;
				CLANG_WARN_UNREACHABLE_CODE = YES;
				CLANG_WARN__DUPLICATE_METHOD_MATCH = YES;
				COPY_PHASE_STRIP = NO;
				DEBUG_INFORMATION_FORMAT = "dwarf-with-dsym";
				ENABLE_NS_ASSERTIONS = NO;
				ENABLE_STRICT_OBJC_MSGSEND = YES;
				GCC_C_LANGUAGE_STANDARD = gnu11;
				GCC_NO_COMMON_BLOCKS = YES;
				GCC_WARN_64_TO_32_BIT_CONVERSION = YES;
				GCC_WARN_ABOUT_RETURN_TYPE = YES_ERROR;
				GCC_WARN_UNDECLARED_SELECTOR = YES;
				GCC_WARN_UNINITIALIZED_AUTOS = YES_AGGRESSIVE;
				GCC_WARN_UNUSED_FUNCTION = YES;
				GCC_WARN_UNUSED_VARIABLE = YES;
				IPHONEOS_DEPLOYMENT_TARGET = 15.5;
				MTL_ENABLE_DEBUG_INFO = NO;
				MTL_FAST_MATH = YES;
				SDKROOT = iphoneos;
				SWIFT_COMPILATION_MODE = wholemodule;
				SWIFT_OPTIMIZATION_LEVEL = "-O";
				VALIDATE_PRODUCT = YES;
			};
			name = Release;
		};
		84824C9828B27050005E9EE3 /* Debug */ = {
			isa = XCBuildConfiguration;
			buildSettings = {
				ASSETCATALOG_COMPILER_APPICON_NAME = AppIcon;
				ASSETCATALOG_COMPILER_GLOBAL_ACCENT_COLOR_NAME = AccentColor;
				CODE_SIGN_STYLE = Automatic;
				CURRENT_PROJECT_VERSION = 1;
				DEVELOPMENT_TEAM = W54AJHRGJ2;
				GENERATE_INFOPLIST_FILE = YES;
				INFOPLIST_FILE = FruitsQNA/Info.plist;
				INFOPLIST_KEY_UIApplicationSupportsIndirectInputEvents = YES;
				INFOPLIST_KEY_UILaunchStoryboardName = LaunchScreen;
				INFOPLIST_KEY_UIMainStoryboardFile = Main;
				INFOPLIST_KEY_UISupportedInterfaceOrientations_iPad = "UIInterfaceOrientationPortrait UIInterfaceOrientationPortraitUpsideDown UIInterfaceOrientationLandscapeLeft UIInterfaceOrientationLandscapeRight";
				INFOPLIST_KEY_UISupportedInterfaceOrientations_iPhone = "UIInterfaceOrientationPortrait UIInterfaceOrientationLandscapeLeft UIInterfaceOrientationLandscapeRight";
				LD_RUNPATH_SEARCH_PATHS = (
					"$(inherited)",
					"@executable_path/Frameworks",
				);
				MARKETING_VERSION = 1.0;
				PRODUCT_BUNDLE_IDENTIFIER = Yeh.com.FruitsQNA;
				PRODUCT_NAME = "$(TARGET_NAME)";
				SWIFT_EMIT_LOC_STRINGS = YES;
				SWIFT_VERSION = 5.0;
				TARGETED_DEVICE_FAMILY = "1,2";
			};
			name = Debug;
		};
		84824C9928B27050005E9EE3 /* Release */ = {
			isa = XCBuildConfiguration;
			buildSettings = {
				ASSETCATALOG_COMPILER_APPICON_NAME = AppIcon;
				ASSETCATALOG_COMPILER_GLOBAL_ACCENT_COLOR_NAME = AccentColor;
				CODE_SIGN_STYLE = Automatic;
				CURRENT_PROJECT_VERSION = 1;
				DEVELOPMENT_TEAM = W54AJHRGJ2;
				GENERATE_INFOPLIST_FILE = YES;
				INFOPLIST_FILE = FruitsQNA/Info.plist;
				INFOPLIST_KEY_UIApplicationSupportsIndirectInputEvents = YES;
				INFOPLIST_KEY_UILaunchStoryboardName = LaunchScreen;
				INFOPLIST_KEY_UIMainStoryboardFile = Main;
				INFOPLIST_KEY_UISupportedInterfaceOrientations_iPad = "UIInterfaceOrientationPortrait UIInterfaceOrientationPortraitUpsideDown UIInterfaceOrientationLandscapeLeft UIInterfaceOrientationLandscapeRight";
				INFOPLIST_KEY_UISupportedInterfaceOrientations_iPhone = "UIInterfaceOrientationPortrait UIInterfaceOrientationLandscapeLeft UIInterfaceOrientationLandscapeRight";
				LD_RUNPATH_SEARCH_PATHS = (
					"$(inherited)",
					"@executable_path/Frameworks",
				);
				MARKETING_VERSION = 1.0;
				PRODUCT_BUNDLE_IDENTIFIER = Yeh.com.FruitsQNA;
				PRODUCT_NAME = "$(TARGET_NAME)";
				SWIFT_EMIT_LOC_STRINGS = YES;
				SWIFT_VERSION = 5.0;
				TARGETED_DEVICE_FAMILY = "1,2";
			};
			name = Release;
		};
/* End XCBuildConfiguration section */

/* Begin XCConfigurationList section */
		84824C7E28B2704F005E9EE3 /* Build configuration list for PBXProject "FruitsQNA" */ = {
			isa = XCConfigurationList;
			buildConfigurations = (
				84824C9528B27050005E9EE3 /* Debug */,
				84824C9628B27050005E9EE3 /* Release */,
			);
			defaultConfigurationIsVisible = 0;
			defaultConfigurationName = Release;
		};
		84824C9728B27050005E9EE3 /* Build configuration list for PBXNativeTarget "FruitsQNA" */ = {
			isa = XCConfigurationList;
			buildConfigurations = (
				84824C9828B27050005E9EE3 /* Debug */,
				84824C9928B27050005E9EE3 /* Release */,
			);
			defaultConfigurationIsVisible = 0;
			defaultConfigurationName = Release;
		};
/* End XCConfigurationList section */
	};
	rootObject = 84824C7B28B2704F005E9EE3 /* Project object */;
}
